<?xml version="1.0" encoding="utf-8"?>
<Project ToolsVersion="4.0" xmlns="http://schemas.microsoft.com/developer/msbuild/2003">
  <ItemGroup>
    <Filter Include="Source Files">
      <UniqueIdentifier>{4FC737F1-C7A5-4376-A066-2A32D752A2FF}</UniqueIdentifier>
      <Extensions>cpp;c;cc;cxx;def;odl;idl;hpj;bat;asm;asmx</Extensions>
    </Filter>
    <Filter Include="Header Files">
      <UniqueIdentifier>{93995380-89BD-4b04-88EB-625FBE52EBFB}</UniqueIdentifier>
      <Extensions>h;hh;hpp;hxx;hm;inl;inc;ipp;xsd</Extensions>
    </Filter>
    <Filter Include="Resource Files">
      <UniqueIdentifier>{67DA6AB6-F800-4c08-8B7A-83BB121AAD01}</UniqueIdentifier>
      <Extensions>rc;ico;cur;bmp;dlg;rc2;rct;bin;rgs;gif;jpg;jpeg;jpe;resx;tiff;tif;png;wav;mfcribbon-ms</Extensions>
    </Filter>
    <Filter Include="Graphics">
      <UniqueIdentifier>{146efbcb-810b-40b4-9a60-3e2a7fbcf434}</UniqueIdentifier>
    </Filter>
    <Filter Include="Objects">
      <UniqueIdentifier>{375654fe-ea0b-4ec4-910c-cb8439f8aba1}</UniqueIdentifier>
    </Filter>
    <Filter Include="Components">
      <UniqueIdentifier>{23533d74-25d4-4755-9cc2-ef6e78f1a938}</UniqueIdentifier>
    </Filter>
    <Filter Include="Objects\Player">
      <UniqueIdentifier>{90ae0d81-77a7-4b41-84e8-5ac0ce8fb0ff}</UniqueIdentifier>
    </Filter>
    <Filter Include="Scene">
      <UniqueIdentifier>{86538106-f18a-4404-84f1-808d2614d6cb}</UniqueIdentifier>
    </Filter>
    <Filter Include="Scene\PlayScene">
      <UniqueIdentifier>{368fe591-5fbf-4920-b40c-be2e2dbb257e}</UniqueIdentifier>
    </Filter>
    <Filter Include="GameMap">
      <UniqueIdentifier>{f72549de-a88f-4dea-bae5-604bbfc221e7}</UniqueIdentifier>
    </Filter>
    <Filter Include="GameMap\TileMap">
      <UniqueIdentifier>{2147c3d9-6733-4096-94a4-1524e0ce16c6}</UniqueIdentifier>
    </Filter>
    <Filter Include="Camera">
      <UniqueIdentifier>{b9f5272b-27a8-46de-ad89-d1a8ec97702a}</UniqueIdentifier>
    </Filter>
    <Filter Include="Debug">
      <UniqueIdentifier>{32f35d5f-6eb6-4072-8bc5-33390fa89825}</UniqueIdentifier>
    </Filter>
    <Filter Include="Scene\SceneManager">
      <UniqueIdentifier>{9b32e595-94d2-4d4b-9a9d-21208f67e823}</UniqueIdentifier>
    </Filter>
    <Filter Include="GameMap\TileSet">
      <UniqueIdentifier>{eea7ac48-ad28-4743-a907-e5b05f0855d2}</UniqueIdentifier>
    </Filter>
    <Filter Include="GameMap\TileMap\MapCharles">
      <UniqueIdentifier>{7c848010-598c-4fa0-88f2-bd974fbe461a}</UniqueIdentifier>
    </Filter>
    <Filter Include="GameMap\TileMap\MapCharlesBoss">
      <UniqueIdentifier>{2bf589dd-22b1-446b-94d9-d81c3b4e8e1d}</UniqueIdentifier>
    </Filter>
    <Filter Include="Scene\PlayScene\PlaySceneCharles">
      <UniqueIdentifier>{be0fb39b-d8cc-4435-b469-9aef449306e3}</UniqueIdentifier>
    </Filter>
    <Filter Include="Scene\PlayScene\PlaySceneCharlesBoss">
      <UniqueIdentifier>{23647728-e8f5-4733-92ba-c97e601c62e5}</UniqueIdentifier>
    </Filter>
    <Filter Include="Scene\PlayScene\PlayScenePittsburgh">
      <UniqueIdentifier>{2bde7efa-4752-48a0-8db6-512429bb6c07}</UniqueIdentifier>
    </Filter>
    <Filter Include="GameMap\TileMap\MapPittsburgh">
      <UniqueIdentifier>{54cb4e7a-3209-4ea4-ad9c-5d2baeff936b}</UniqueIdentifier>
    </Filter>
    <Filter Include="GameMap\TileMap\MapPittsburghPortal01">
      <UniqueIdentifier>{b0118bc5-7ffe-4f4f-92c8-85fb18ccf978}</UniqueIdentifier>
    </Filter>
    <Filter Include="GameMap\TileMap\MapPittsburghPortal02">
      <UniqueIdentifier>{8cf9b0f5-7130-4ab8-b6c0-89b52662c0ca}</UniqueIdentifier>
    </Filter>
    <Filter Include="Scene\PlayScene\PlayScenePittsburghPortal01">
      <UniqueIdentifier>{9b8aa64b-be01-4cdd-89a1-ae6a1d2e5b20}</UniqueIdentifier>
    </Filter>
    <Filter Include="Scene\PlayScene\PlayScenePittsburghPortal02">
      <UniqueIdentifier>{f599b149-fa51-4f59-b749-26c409ae135b}</UniqueIdentifier>
    </Filter>
    <Filter Include="Objects\Shield">
      <UniqueIdentifier>{9003f5ae-1dfd-4656-bc88-933582b0eaa1}</UniqueIdentifier>
    </Filter>
    <Filter Include="GameMap\Grid">
      <UniqueIdentifier>{7c3456bc-7f2e-42a3-9699-7fd5a9921c5e}</UniqueIdentifier>
    </Filter>
    <Filter Include="Objects\Enemy">
      <UniqueIdentifier>{dea05333-a33e-4d51-875f-1416567f4247}</UniqueIdentifier>
    </Filter>
    <Filter Include="Objects\Enemy\Solder">
      <UniqueIdentifier>{a0180c3f-2930-483c-b022-da8a480f89a9}</UniqueIdentifier>
    </Filter>
    <Filter Include="Objects\Item">
      <UniqueIdentifier>{1e0eb7c6-8fef-42fb-ab33-6dd9d8fccb12}</UniqueIdentifier>
    </Filter>
    <Filter Include="Objects\Container">
      <UniqueIdentifier>{cc56a773-857b-49d2-b2bb-35706f7ce322}</UniqueIdentifier>
    </Filter>
  </ItemGroup>
  <ItemGroup>
    <ClCompile Include="Collision.cpp">
      <Filter>Components</Filter>
    </ClCompile>
    <ClCompile Include="Game.cpp">
      <Filter>Components</Filter>
    </ClCompile>
    <ClCompile Include="Global.cpp">
      <Filter>Components</Filter>
    </ClCompile>
    <ClCompile Include="main.cpp">
      <Filter>Components</Filter>
    </ClCompile>
    <ClCompile Include="TextureManager.cpp">
      <Filter>Graphics</Filter>
    </ClCompile>
    <ClCompile Include="SoundManager.cpp">
      <Filter>Components</Filter>
    </ClCompile>
    <ClCompile Include="dsutil.cpp">
      <Filter>Components</Filter>
    </ClCompile>
    <ClCompile Include="Sprite.cpp">
      <Filter>Graphics</Filter>
    </ClCompile>
    <ClCompile Include="Object.cpp">
      <Filter>Objects</Filter>
    </ClCompile>
    <ClCompile Include="SpriteManager.cpp">
      <Filter>Graphics</Filter>
    </ClCompile>
    <ClCompile Include="Animation.cpp">
      <Filter>Graphics</Filter>
    </ClCompile>
    <ClCompile Include="Player.cpp">
      <Filter>Objects\Player</Filter>
    </ClCompile>
    <ClCompile Include="KeyboardManager.cpp">
      <Filter>Components</Filter>
    </ClCompile>
    <ClCompile Include="PlayerState.cpp">
      <Filter>Objects\Player</Filter>
    </ClCompile>
    <ClCompile Include="PlayerStandingState.cpp">
      <Filter>Objects\Player</Filter>
    </ClCompile>
    <ClCompile Include="PlayerRunningState.cpp">
      <Filter>Objects\Player</Filter>
    </ClCompile>
    <ClCompile Include="Scene.cpp">
      <Filter>Scene</Filter>
    </ClCompile>
    <ClCompile Include="PlayScene.cpp">
      <Filter>Scene\PlayScene</Filter>
    </ClCompile>
    <ClCompile Include="GameMap.cpp">
      <Filter>GameMap</Filter>
    </ClCompile>
    <ClCompile Include="TileMap.cpp">
      <Filter>GameMap\TileMap</Filter>
    </ClCompile>
    <ClCompile Include="Camera.cpp">
      <Filter>Camera</Filter>
    </ClCompile>
    <ClCompile Include="Debug.cpp">
      <Filter>Debug</Filter>
    </ClCompile>
    <ClCompile Include="SceneManager.cpp">
      <Filter>Scene\SceneManager</Filter>
    </ClCompile>
    <ClCompile Include="TileSet.cpp">
      <Filter>GameMap\TileSet</Filter>
    </ClCompile>
    <ClCompile Include="PlayerJumpingState.cpp">
      <Filter>Objects\Player</Filter>
    </ClCompile>
    <ClCompile Include="PlayerSittingState.cpp">
      <Filter>Objects\Player</Filter>
    </ClCompile>
    <ClCompile Include="PlayerFloatingState.cpp">
      <Filter>Objects\Player</Filter>
    </ClCompile>
    <ClCompile Include="PlayerDuckingPunchingState.cpp">
      <Filter>Objects\Player</Filter>
    </ClCompile>
    <ClCompile Include="PlayerShieldUpState.cpp">
      <Filter>Objects\Player</Filter>
    </ClCompile>
    <ClCompile Include="PlayerRollingState.cpp">
      <Filter>Objects\Player</Filter>
    </ClCompile>
    <ClCompile Include="PlayerKickingState.cpp">
      <Filter>Objects\Player</Filter>
    </ClCompile>
    <ClCompile Include="MapCharles.cpp">
      <Filter>GameMap\TileMap\MapCharles</Filter>
    </ClCompile>
    <ClCompile Include="MapCharlesBoss.cpp">
      <Filter>GameMap\TileMap\MapCharlesBoss</Filter>
    </ClCompile>
    <ClCompile Include="PlayScenePittsburgh.cpp">
      <Filter>Scene\PlayScene\PlayScenePittsburgh</Filter>
    </ClCompile>
    <ClCompile Include="PlaySceneCharles.cpp">
      <Filter>Scene\PlayScene\PlaySceneCharles</Filter>
    </ClCompile>
    <ClCompile Include="PlaySceneCharlesBoss.cpp">
      <Filter>Scene\PlayScene\PlaySceneCharlesBoss</Filter>
    </ClCompile>
    <ClCompile Include="PlaySceneWithLight.cpp">
      <Filter>Scene\PlayScene</Filter>
    </ClCompile>
    <ClCompile Include="MapPittsburgh.cpp">
      <Filter>GameMap\TileMap\MapPittsburgh</Filter>
    </ClCompile>
    <ClCompile Include="GroundCollision.cpp">
      <Filter>Components</Filter>
    </ClCompile>
    <ClCompile Include="MapPittsburghPortal01.cpp">
      <Filter>GameMap\TileMap\MapPittsburghPortal01</Filter>
    </ClCompile>
    <ClCompile Include="DrawDebug.cpp">
      <Filter>Debug</Filter>
    </ClCompile>
    <ClCompile Include="MapPittsburghPortal02.cpp">
      <Filter>GameMap\TileMap\MapPittsburghPortal02</Filter>
    </ClCompile>
    <ClCompile Include="PlayScenePittsburghPortal01.cpp">
      <Filter>Scene\PlayScene\PlayScenePittsburghPortal01</Filter>
    </ClCompile>
    <ClCompile Include="PlayScenePittsburghPortal02.cpp">
      <Filter>Scene\PlayScene\PlayScenePittsburghPortal02</Filter>
    </ClCompile>
    <ClCompile Include="PlayerDashingState.cpp">
      <Filter>Objects\Player</Filter>
    </ClCompile>
    <ClCompile Include="Grid.cpp">
      <Filter>GameMap\Grid</Filter>
    </ClCompile>
    <ClCompile Include="PlayerDivingState.cpp">
      <Filter>Objects\Player</Filter>
    </ClCompile>
    <ClCompile Include="SolidBoxCollision.cpp">
      <Filter>Components</Filter>
    </ClCompile>
    <ClCompile Include="PlayerShieldDownState.cpp">
      <Filter>Objects\Player</Filter>
    </ClCompile>
    <ClCompile Include="PlayerShieldAttackState.cpp">
      <Filter>Objects\Player</Filter>
    </ClCompile>
    <ClCompile Include="PlayerStandPunchState.cpp">
      <Filter>Objects\Player</Filter>
    </ClCompile>
    <ClCompile Include="Shield.cpp">
      <Filter>Objects\Shield</Filter>
    </ClCompile>
    <ClCompile Include="Enemy.cpp">
      <Filter>Objects\Enemy</Filter>
    </ClCompile>
    <ClCompile Include="Solder.cpp">
      <Filter>Objects\Enemy\Solder</Filter>
    </ClCompile>
    <ClCompile Include="EnemyState.cpp">
      <Filter>Objects\Enemy</Filter>
    </ClCompile>
    <ClCompile Include="SolderDuckState.cpp">
      <Filter>Objects\Enemy\Solder</Filter>
    </ClCompile>
    <ClCompile Include="SolderRunState.cpp">
      <Filter>Objects\Enemy\Solder</Filter>
    </ClCompile>
    <ClCompile Include="SolderStandState.cpp">
      <Filter>Objects\Enemy\Solder</Filter>
    </ClCompile>
    <ClCompile Include="SolderBeatenState.cpp">
      <Filter>Objects\Enemy\Solder</Filter>
    </ClCompile>
    <ClCompile Include="Item.cpp">
      <Filter>Objects\Item</Filter>
    </ClCompile>
    <ClCompile Include="Container.cpp">
      <Filter>Objects\Container</Filter>
    </ClCompile>
    <ClCompile Include="ItemManager.cpp">
      <Filter>Objects\Item</Filter>
    </ClCompile>
  </ItemGroup>
  <ItemGroup>
    <ClInclude Include="Collision.h">
      <Filter>Components</Filter>
    </ClInclude>
    <ClInclude Include="Game.h">
      <Filter>Components</Filter>
    </ClInclude>
    <ClInclude Include="Global.h">
      <Filter>Components</Filter>
    </ClInclude>
    <ClInclude Include="TextureManager.h">
      <Filter>Graphics</Filter>
    </ClInclude>
    <ClInclude Include="SoundManager.h">
      <Filter>Components</Filter>
    </ClInclude>
    <ClInclude Include="dsutil.h">
      <Filter>Components</Filter>
    </ClInclude>
    <ClInclude Include="Sprite.h">
      <Filter>Graphics</Filter>
    </ClInclude>
    <ClInclude Include="Object.h">
      <Filter>Objects</Filter>
    </ClInclude>
    <ClInclude Include="SpriteManager.h">
      <Filter>Graphics</Filter>
    </ClInclude>
    <ClInclude Include="Animation.h">
      <Filter>Graphics</Filter>
    </ClInclude>
    <ClInclude Include="Player.h">
      <Filter>Objects\Player</Filter>
    </ClInclude>
    <ClInclude Include="KeyboardManager.h">
      <Filter>Components</Filter>
    </ClInclude>
    <ClInclude Include="PlayerState.h">
      <Filter>Objects\Player</Filter>
    </ClInclude>
    <ClInclude Include="PlayerStandingState.h">
      <Filter>Objects\Player</Filter>
    </ClInclude>
    <ClInclude Include="PlayerRunningState.h">
      <Filter>Objects\Player</Filter>
    </ClInclude>
    <ClInclude Include="Scene.h">
      <Filter>Scene</Filter>
    </ClInclude>
    <ClInclude Include="PlayScene.h">
      <Filter>Scene\PlayScene</Filter>
    </ClInclude>
    <ClInclude Include="GameMap.h">
      <Filter>GameMap</Filter>
    </ClInclude>
    <ClInclude Include="TileMap.h">
      <Filter>GameMap\TileMap</Filter>
    </ClInclude>
    <ClInclude Include="Camera.h">
      <Filter>Camera</Filter>
    </ClInclude>
    <ClInclude Include="Debug.h">
      <Filter>Debug</Filter>
    </ClInclude>
    <ClInclude Include="SceneManager.h">
      <Filter>Scene\SceneManager</Filter>
    </ClInclude>
    <ClInclude Include="TileSet.h">
      <Filter>GameMap\TileSet</Filter>
    </ClInclude>
    <ClInclude Include="PlayerJumpingState.h">
      <Filter>Objects\Player</Filter>
    </ClInclude>
    <ClInclude Include="PlayerSittingState.h">
      <Filter>Objects\Player</Filter>
    </ClInclude>
    <ClInclude Include="PlayerFloatingState.h">
      <Filter>Objects\Player</Filter>
    </ClInclude>
    <ClInclude Include="PlayerDuckingPunchingState.h">
      <Filter>Objects\Player</Filter>
    </ClInclude>
    <ClInclude Include="PlayerShieldUpState.h">
      <Filter>Objects\Player</Filter>
    </ClInclude>
    <ClInclude Include="PlayerRollingState.h">
      <Filter>Objects\Player</Filter>
    </ClInclude>
    <ClInclude Include="PlayerKickingState.h">
      <Filter>Objects\Player</Filter>
    </ClInclude>
    <ClInclude Include="MapCharles.h">
      <Filter>GameMap\TileMap\MapCharles</Filter>
    </ClInclude>
    <ClInclude Include="MapCharlesBoss.h">
      <Filter>GameMap\TileMap\MapCharlesBoss</Filter>
    </ClInclude>
    <ClInclude Include="PlayScenePittsburgh.h">
      <Filter>Scene\PlayScene\PlayScenePittsburgh</Filter>
    </ClInclude>
    <ClInclude Include="PlaySceneCharles.h">
      <Filter>Scene\PlayScene\PlaySceneCharles</Filter>
    </ClInclude>
    <ClInclude Include="PlaySceneCharlesBoss.h">
      <Filter>Scene\PlayScene\PlaySceneCharlesBoss</Filter>
    </ClInclude>
    <ClInclude Include="PlaySceneWithLight.h">
      <Filter>Scene\PlayScene</Filter>
    </ClInclude>
    <ClInclude Include="MapPittsburgh.h">
      <Filter>GameMap\TileMap\MapPittsburgh</Filter>
    </ClInclude>
    <ClInclude Include="GroundCollision.h">
      <Filter>Components</Filter>
    </ClInclude>
    <ClInclude Include="MapPittsburghPortal01.h">
      <Filter>GameMap\TileMap\MapPittsburghPortal01</Filter>
    </ClInclude>
    <ClInclude Include="DrawDebug.h">
      <Filter>Debug</Filter>
    </ClInclude>
    <ClInclude Include="MapPittsburghPortal02.h">
      <Filter>GameMap\TileMap\MapPittsburghPortal02</Filter>
    </ClInclude>
    <ClInclude Include="PlayScenePittsburghPortal01.h">
      <Filter>Scene\PlayScene\PlayScenePittsburghPortal01</Filter>
    </ClInclude>
    <ClInclude Include="PlayScenePittsburghPortal02.h">
      <Filter>Scene\PlayScene\PlayScenePittsburghPortal02</Filter>
    </ClInclude>
    <ClInclude Include="PlayerDashingState.h">
      <Filter>Objects\Player</Filter>
    </ClInclude>
    <ClInclude Include="Grid.h">
      <Filter>GameMap\Grid</Filter>
    </ClInclude>
    <ClInclude Include="PlayerDivingState.h">
      <Filter>Objects\Player</Filter>
    </ClInclude>
    <ClInclude Include="SolidBoxCollision.h">
      <Filter>Components</Filter>
    </ClInclude>
    <ClInclude Include="PlayerShieldDownState.h">
      <Filter>Objects\Player</Filter>
    </ClInclude>
    <ClInclude Include="PlayerShieldAttackState.h">
      <Filter>Objects\Player</Filter>
    </ClInclude>
    <ClInclude Include="PlayerStandPunchState.h">
      <Filter>Objects\Player</Filter>
    </ClInclude>
    <ClInclude Include="Shield.h">
      <Filter>Objects\Shield</Filter>
    </ClInclude>
    <ClInclude Include="Enemy.h">
      <Filter>Objects\Enemy</Filter>
    </ClInclude>
    <ClInclude Include="Solder.h">
      <Filter>Objects\Enemy\Solder</Filter>
    </ClInclude>
    <ClInclude Include="EnemyState.h">
      <Filter>Objects\Enemy</Filter>
    </ClInclude>
    <ClInclude Include="SolderDuckState.h">
      <Filter>Objects\Enemy\Solder</Filter>
    </ClInclude>
    <ClInclude Include="SolderRunState.h">
      <Filter>Objects\Enemy\Solder</Filter>
    </ClInclude>
    <ClInclude Include="SolderStandState.h">
      <Filter>Objects\Enemy\Solder</Filter>
    </ClInclude>
    <ClInclude Include="SolderBeatenState.h">
      <Filter>Objects\Enemy\Solder</Filter>
    </ClInclude>
    <ClInclude Include="Item.h">
      <Filter>Objects\Item</Filter>
    </ClInclude>
    <ClInclude Include="Container.h">
      <Filter>Objects\Container</Filter>
    </ClInclude>
    <ClInclude Include="ItemManager.h">
      <Filter>Objects\Item</Filter>
    </ClInclude>
  </ItemGroup>
</Project>