<?xml version="1.0" encoding="utf-8"?>
<Project ToolsVersion="4.0" xmlns="http://schemas.microsoft.com/developer/msbuild/2003">
  <ItemGroup>
    <Filter Include="Source Files">
      <UniqueIdentifier>{4FC737F1-C7A5-4376-A066-2A32D752A2FF}</UniqueIdentifier>
      <Extensions>cpp;c;cc;cxx;def;odl;idl;hpj;bat;asm;asmx</Extensions>
    </Filter>
    <Filter Include="Header Files">
      <UniqueIdentifier>{93995380-89BD-4b04-88EB-625FBE52EBFB}</UniqueIdentifier>
      <Extensions>h;hh;hpp;hxx;hm;inl;inc;ipp;xsd</Extensions>
    </Filter>
    <Filter Include="Resource Files">
      <UniqueIdentifier>{67DA6AB6-F800-4c08-8B7A-83BB121AAD01}</UniqueIdentifier>
      <Extensions>rc;ico;cur;bmp;dlg;rc2;rct;bin;rgs;gif;jpg;jpeg;jpe;resx;tiff;tif;png;wav;mfcribbon-ms</Extensions>
    </Filter>
    <Filter Include="Graphics">
      <UniqueIdentifier>{146efbcb-810b-40b4-9a60-3e2a7fbcf434}</UniqueIdentifier>
    </Filter>
    <Filter Include="Objects">
      <UniqueIdentifier>{375654fe-ea0b-4ec4-910c-cb8439f8aba1}</UniqueIdentifier>
    </Filter>
    <Filter Include="Components">
      <UniqueIdentifier>{23533d74-25d4-4755-9cc2-ef6e78f1a938}</UniqueIdentifier>
    </Filter>
    <Filter Include="Objects\Player">
      <UniqueIdentifier>{90ae0d81-77a7-4b41-84e8-5ac0ce8fb0ff}</UniqueIdentifier>
    </Filter>
    <Filter Include="Scene">
      <UniqueIdentifier>{86538106-f18a-4404-84f1-808d2614d6cb}</UniqueIdentifier>
    </Filter>
    <Filter Include="Scene\PlayScene">
      <UniqueIdentifier>{368fe591-5fbf-4920-b40c-be2e2dbb257e}</UniqueIdentifier>
    </Filter>
    <Filter Include="GameMap">
      <UniqueIdentifier>{f72549de-a88f-4dea-bae5-604bbfc221e7}</UniqueIdentifier>
    </Filter>
    <Filter Include="GameMap\TileMap">
      <UniqueIdentifier>{2147c3d9-6733-4096-94a4-1524e0ce16c6}</UniqueIdentifier>
    </Filter>
    <Filter Include="Camera">
      <UniqueIdentifier>{b9f5272b-27a8-46de-ad89-d1a8ec97702a}</UniqueIdentifier>
    </Filter>
    <Filter Include="Debug">
      <UniqueIdentifier>{32f35d5f-6eb6-4072-8bc5-33390fa89825}</UniqueIdentifier>
    </Filter>
    <Filter Include="Scene\SceneManager">
      <UniqueIdentifier>{9b32e595-94d2-4d4b-9a9d-21208f67e823}</UniqueIdentifier>
    </Filter>
    <Filter Include="GameMap\TileSet">
      <UniqueIdentifier>{eea7ac48-ad28-4743-a907-e5b05f0855d2}</UniqueIdentifier>
    </Filter>
    <Filter Include="GameMap\TileMap\MapCharles">
      <UniqueIdentifier>{7c848010-598c-4fa0-88f2-bd974fbe461a}</UniqueIdentifier>
    </Filter>
    <Filter Include="GameMap\TileMap\MapCharlesBoss">
      <UniqueIdentifier>{2bf589dd-22b1-446b-94d9-d81c3b4e8e1d}</UniqueIdentifier>
    </Filter>
    <Filter Include="Scene\PlayScene\PlaySceneCharles">
      <UniqueIdentifier>{be0fb39b-d8cc-4435-b469-9aef449306e3}</UniqueIdentifier>
    </Filter>
    <Filter Include="Scene\PlayScene\PlaySceneCharlesBoss">
      <UniqueIdentifier>{23647728-e8f5-4733-92ba-c97e601c62e5}</UniqueIdentifier>
    </Filter>
    <Filter Include="Scene\PlayScene\PlayScenePittsburgh">
      <UniqueIdentifier>{2bde7efa-4752-48a0-8db6-512429bb6c07}</UniqueIdentifier>
    </Filter>
    <Filter Include="GameMap\TileMap\MapPittsburgh">
      <UniqueIdentifier>{54cb4e7a-3209-4ea4-ad9c-5d2baeff936b}</UniqueIdentifier>
    </Filter>
    <Filter Include="GameMap\TileMap\MapPittsburghPortal01">
      <UniqueIdentifier>{b0118bc5-7ffe-4f4f-92c8-85fb18ccf978}</UniqueIdentifier>
    </Filter>
    <Filter Include="GameMap\TileMap\MapPittsburghPortal02">
      <UniqueIdentifier>{8cf9b0f5-7130-4ab8-b6c0-89b52662c0ca}</UniqueIdentifier>
    </Filter>
    <Filter Include="Scene\PlayScene\PlayScenePittsburghPortal01">
      <UniqueIdentifier>{9b8aa64b-be01-4cdd-89a1-ae6a1d2e5b20}</UniqueIdentifier>
    </Filter>
    <Filter Include="Scene\PlayScene\PlayScenePittsburghPortal02">
      <UniqueIdentifier>{f599b149-fa51-4f59-b749-26c409ae135b}</UniqueIdentifier>
    </Filter>
    <Filter Include="Objects\Shield">
      <UniqueIdentifier>{9003f5ae-1dfd-4656-bc88-933582b0eaa1}</UniqueIdentifier>
    </Filter>
    <Filter Include="Objects\Enemy">
      <UniqueIdentifier>{dea05333-a33e-4d51-875f-1416567f4247}</UniqueIdentifier>
    </Filter>
    <Filter Include="Objects\Item">
      <UniqueIdentifier>{1e0eb7c6-8fef-42fb-ab33-6dd9d8fccb12}</UniqueIdentifier>
    </Filter>
    <Filter Include="Objects\Container">
      <UniqueIdentifier>{cc56a773-857b-49d2-b2bb-35706f7ce322}</UniqueIdentifier>
    </Filter>
    <Filter Include="Objects\MapStaticObject">
      <UniqueIdentifier>{8a09a424-002d-4c3a-b2ec-f9a10f78a72a}</UniqueIdentifier>
    </Filter>
    <Filter Include="Objects\Bullet">
      <UniqueIdentifier>{0733bdf0-08e1-468f-9bdd-d99434520860}</UniqueIdentifier>
    </Filter>
    <Filter Include="Objects\Bullet\BulletRedRocket">
      <UniqueIdentifier>{079cddc0-7ed1-45cf-bb47-69e5818243bf}</UniqueIdentifier>
    </Filter>
    <Filter Include="Objects\Enemy\RedRocketRobot">
      <UniqueIdentifier>{4c8926eb-1644-4ca7-ae9d-b046e15dc7d9}</UniqueIdentifier>
    </Filter>
    <Filter Include="Objects\Enemy\WhiteFlyingRobot">
      <UniqueIdentifier>{c351c26d-7145-412c-aa53-2ce0c21fa8d7}</UniqueIdentifier>
    </Filter>
    <Filter Include="Objects\Bullet\BulletWizard">
      <UniqueIdentifier>{b0c66db6-e2a5-44cc-9c12-6ef543a4e48c}</UniqueIdentifier>
    </Filter>
    <Filter Include="Objects\Enemy\BossWizard">
      <UniqueIdentifier>{e5c99b1e-a2a9-4d38-ad2f-b4a13705b178}</UniqueIdentifier>
    </Filter>
    <Filter Include="Objects\Player\PlayerDistinctParts">
      <UniqueIdentifier>{34d100ea-0b11-41dd-b551-0048aa5fad80}</UniqueIdentifier>
    </Filter>
    <Filter Include="Components\Grid">
      <UniqueIdentifier>{7c3456bc-7f2e-42a3-9699-7fd5a9921c5e}</UniqueIdentifier>
    </Filter>
    <Filter Include="Objects\Bullet\BulletMini">
      <UniqueIdentifier>{8c659d62-5465-4018-acf9-e78efbf69c28}</UniqueIdentifier>
    </Filter>
    <Filter Include="Objects\Canon">
      <UniqueIdentifier>{b2d5ab8a-fd5e-4b47-8c32-8a36a7674df8}</UniqueIdentifier>
    </Filter>
    <Filter Include="Objects\Enemy\BossMini">
      <UniqueIdentifier>{194b676d-797c-48fe-a53b-0ed33db702b2}</UniqueIdentifier>
    </Filter>
    <Filter Include="Objects\Platform">
      <UniqueIdentifier>{d60be045-2f76-4369-abfa-31bce0508ab5}</UniqueIdentifier>
    </Filter>
    <Filter Include="Objects\Platform\MovingPlatform">
      <UniqueIdentifier>{975b4193-68a5-46b6-927f-87a1b975da57}</UniqueIdentifier>
    </Filter>
    <Filter Include="Objects\Platform\DisappearingPlatform">
      <UniqueIdentifier>{9686f51e-5cb2-4dbe-975b-c00de80a54c5}</UniqueIdentifier>
    </Filter>
    <Filter Include="Objects\Platform\PlatformFire">
      <UniqueIdentifier>{5c677fea-3b4d-4baf-bd62-475461638589}</UniqueIdentifier>
    </Filter>
  </ItemGroup>
  <ItemGroup>
    <ClCompile Include="Collision.cpp">
      <Filter>Components</Filter>
    </ClCompile>
    <ClCompile Include="Game.cpp">
      <Filter>Components</Filter>
    </ClCompile>
    <ClCompile Include="Global.cpp">
      <Filter>Components</Filter>
    </ClCompile>
    <ClCompile Include="main.cpp">
      <Filter>Components</Filter>
    </ClCompile>
    <ClCompile Include="TextureManager.cpp">
      <Filter>Graphics</Filter>
    </ClCompile>
    <ClCompile Include="SoundManager.cpp">
      <Filter>Components</Filter>
    </ClCompile>
    <ClCompile Include="dsutil.cpp">
      <Filter>Components</Filter>
    </ClCompile>
    <ClCompile Include="Sprite.cpp">
      <Filter>Graphics</Filter>
    </ClCompile>
    <ClCompile Include="Object.cpp">
      <Filter>Objects</Filter>
    </ClCompile>
    <ClCompile Include="SpriteManager.cpp">
      <Filter>Graphics</Filter>
    </ClCompile>
    <ClCompile Include="Animation.cpp">
      <Filter>Graphics</Filter>
    </ClCompile>
    <ClCompile Include="Player.cpp">
      <Filter>Objects\Player</Filter>
    </ClCompile>
    <ClCompile Include="KeyboardManager.cpp">
      <Filter>Components</Filter>
    </ClCompile>
    <ClCompile Include="PlayerState.cpp">
      <Filter>Objects\Player</Filter>
    </ClCompile>
    <ClCompile Include="PlayerStandingState.cpp">
      <Filter>Objects\Player</Filter>
    </ClCompile>
    <ClCompile Include="PlayerRunningState.cpp">
      <Filter>Objects\Player</Filter>
    </ClCompile>
    <ClCompile Include="Scene.cpp">
      <Filter>Scene</Filter>
    </ClCompile>
    <ClCompile Include="PlayScene.cpp">
      <Filter>Scene\PlayScene</Filter>
    </ClCompile>
    <ClCompile Include="GameMap.cpp">
      <Filter>GameMap</Filter>
    </ClCompile>
    <ClCompile Include="TileMap.cpp">
      <Filter>GameMap\TileMap</Filter>
    </ClCompile>
    <ClCompile Include="Camera.cpp">
      <Filter>Camera</Filter>
    </ClCompile>
    <ClCompile Include="Debug.cpp">
      <Filter>Debug</Filter>
    </ClCompile>
    <ClCompile Include="SceneManager.cpp">
      <Filter>Scene\SceneManager</Filter>
    </ClCompile>
    <ClCompile Include="TileSet.cpp">
      <Filter>GameMap\TileSet</Filter>
    </ClCompile>
    <ClCompile Include="PlayerJumpingState.cpp">
      <Filter>Objects\Player</Filter>
    </ClCompile>
    <ClCompile Include="PlayerSittingState.cpp">
      <Filter>Objects\Player</Filter>
    </ClCompile>
    <ClCompile Include="PlayerFloatingState.cpp">
      <Filter>Objects\Player</Filter>
    </ClCompile>
    <ClCompile Include="PlayerDuckingPunchingState.cpp">
      <Filter>Objects\Player</Filter>
    </ClCompile>
    <ClCompile Include="PlayerShieldUpState.cpp">
      <Filter>Objects\Player</Filter>
    </ClCompile>
    <ClCompile Include="PlayerRollingState.cpp">
      <Filter>Objects\Player</Filter>
    </ClCompile>
    <ClCompile Include="PlayerKickingState.cpp">
      <Filter>Objects\Player</Filter>
    </ClCompile>
    <ClCompile Include="MapCharles.cpp">
      <Filter>GameMap\TileMap\MapCharles</Filter>
    </ClCompile>
    <ClCompile Include="MapCharlesBoss.cpp">
      <Filter>GameMap\TileMap\MapCharlesBoss</Filter>
    </ClCompile>
    <ClCompile Include="PlayScenePittsburgh.cpp">
      <Filter>Scene\PlayScene\PlayScenePittsburgh</Filter>
    </ClCompile>
    <ClCompile Include="PlaySceneCharles.cpp">
      <Filter>Scene\PlayScene\PlaySceneCharles</Filter>
    </ClCompile>
    <ClCompile Include="PlaySceneCharlesBoss.cpp">
      <Filter>Scene\PlayScene\PlaySceneCharlesBoss</Filter>
    </ClCompile>
    <ClCompile Include="PlaySceneWithLight.cpp">
      <Filter>Scene\PlayScene</Filter>
    </ClCompile>
    <ClCompile Include="MapPittsburgh.cpp">
      <Filter>GameMap\TileMap\MapPittsburgh</Filter>
    </ClCompile>
    <ClCompile Include="GroundCollision.cpp">
      <Filter>Components</Filter>
    </ClCompile>
    <ClCompile Include="MapPittsburghPortal01.cpp">
      <Filter>GameMap\TileMap\MapPittsburghPortal01</Filter>
    </ClCompile>
    <ClCompile Include="DrawDebug.cpp">
      <Filter>Debug</Filter>
    </ClCompile>
    <ClCompile Include="MapPittsburghPortal02.cpp">
      <Filter>GameMap\TileMap\MapPittsburghPortal02</Filter>
    </ClCompile>
    <ClCompile Include="PlayScenePittsburghPortal01.cpp">
      <Filter>Scene\PlayScene\PlayScenePittsburghPortal01</Filter>
    </ClCompile>
    <ClCompile Include="PlayScenePittsburghPortal02.cpp">
      <Filter>Scene\PlayScene\PlayScenePittsburghPortal02</Filter>
    </ClCompile>
    <ClCompile Include="PlayerDashingState.cpp">
      <Filter>Objects\Player</Filter>
    </ClCompile>
    <ClCompile Include="Grid.cpp">
      <Filter>Components\Grid</Filter>
    </ClCompile>
    <ClCompile Include="PlayerDivingState.cpp">
      <Filter>Objects\Player</Filter>
    </ClCompile>
    <ClCompile Include="SolidBoxCollision.cpp">
      <Filter>Components</Filter>
    </ClCompile>
    <ClCompile Include="PlayerShieldDownState.cpp">
      <Filter>Objects\Player</Filter>
    </ClCompile>
    <ClCompile Include="PlayerShieldAttackState.cpp">
      <Filter>Objects\Player</Filter>
    </ClCompile>
    <ClCompile Include="PlayerStandPunchState.cpp">
      <Filter>Objects\Player</Filter>
    </ClCompile>
    <ClCompile Include="Shield.cpp">
      <Filter>Objects\Shield</Filter>
    </ClCompile>
    <ClCompile Include="Enemy.cpp">
      <Filter>Objects\Enemy</Filter>
    </ClCompile>
    <ClCompile Include="Item.cpp">
      <Filter>Objects\Item</Filter>
    </ClCompile>
    <ClCompile Include="Container.cpp">
      <Filter>Objects\Container</Filter>
    </ClCompile>
    <ClCompile Include="ItemManager.cpp">
      <Filter>Objects\Item</Filter>
    </ClCompile>
    <ClCompile Include="Solder.cpp">
      <Filter>Objects\Enemy</Filter>
    </ClCompile>
    <ClCompile Include="BulletManager.cpp">
      <Filter>Objects\Bullet</Filter>
    </ClCompile>
    <ClCompile Include="RedRockerter.cpp">
      <Filter>Objects\Enemy</Filter>
    </ClCompile>
    <ClCompile Include="WhiteRockerter.cpp">
      <Filter>Objects\Enemy</Filter>
    </ClCompile>
    <ClCompile Include="PlayerClimbingState.cpp">
      <Filter>Objects\Player</Filter>
    </ClCompile>
    <ClCompile Include="BulletWhiteFlyingRocketer.cpp">
      <Filter>Objects\Bullet</Filter>
    </ClCompile>
    <ClCompile Include="BulletRedRocket.cpp">
      <Filter>Objects\Bullet\BulletRedRocket</Filter>
    </ClCompile>
    <ClCompile Include="BulletRedRocketLinear.cpp">
      <Filter>Objects\Bullet\BulletRedRocket</Filter>
    </ClCompile>
    <ClCompile Include="BulletRedRocketNonLinear.cpp">
      <Filter>Objects\Bullet\BulletRedRocket</Filter>
    </ClCompile>
    <ClCompile Include="RedRocketRobot.cpp">
      <Filter>Objects\Enemy\RedRocketRobot</Filter>
    </ClCompile>
    <ClCompile Include="RedRocketRobotOneSided.cpp">
      <Filter>Objects\Enemy\RedRocketRobot</Filter>
    </ClCompile>
    <ClCompile Include="WhiteFlyingRobot.cpp">
      <Filter>Objects\Enemy\WhiteFlyingRobot</Filter>
    </ClCompile>
    <ClCompile Include="RedRocketRobotTwoSided.cpp">
      <Filter>Objects\Enemy\RedRocketRobot</Filter>
    </ClCompile>
    <ClCompile Include="GameObjectProperty.cpp">
      <Filter>Objects</Filter>
    </ClCompile>
    <ClCompile Include="GamePlayerProperty.cpp">
      <Filter>Objects\Player</Filter>
    </ClCompile>
    <ClCompile Include="BulletWizardNormal.cpp">
      <Filter>Objects\Bullet\BulletWizard</Filter>
    </ClCompile>
    <ClCompile Include="PlayerBeatenState.cpp">
      <Filter>Objects\Player</Filter>
    </ClCompile>
    <ClCompile Include="PlayerFlyingBeatenState.cpp">
      <Filter>Objects\Player</Filter>
    </ClCompile>
    <ClCompile Include="HealthPoint.cpp">
      <Filter>Objects\MapStaticObject</Filter>
    </ClCompile>
    <ClCompile Include="BossWizard.cpp">
      <Filter>Objects\Enemy\BossWizard</Filter>
    </ClCompile>
    <ClCompile Include="BossWizardDeadState.cpp">
      <Filter>Objects\Enemy\BossWizard</Filter>
    </ClCompile>
    <ClCompile Include="BossWizardFlyingState.cpp">
      <Filter>Objects\Enemy\BossWizard</Filter>
    </ClCompile>
    <ClCompile Include="BossWizardPunchingState.cpp">
      <Filter>Objects\Enemy\BossWizard</Filter>
    </ClCompile>
    <ClCompile Include="BossWizardRunningState.cpp">
      <Filter>Objects\Enemy\BossWizard</Filter>
    </ClCompile>
    <ClCompile Include="BossWizardShootingState.cpp">
      <Filter>Objects\Enemy\BossWizard</Filter>
    </ClCompile>
    <ClCompile Include="BossWizardStandingState.cpp">
      <Filter>Objects\Enemy\BossWizard</Filter>
    </ClCompile>
    <ClCompile Include="BossWizardStandSmileState.cpp">
      <Filter>Objects\Enemy\BossWizard</Filter>
    </ClCompile>
    <ClCompile Include="PlayerDyingState.cpp">
      <Filter>Objects\Player</Filter>
    </ClCompile>
    <ClCompile Include="ExitSignal.cpp">
      <Filter>Objects\MapStaticObject</Filter>
    </ClCompile>
    <ClCompile Include="PlayerHandPunch.cpp">
      <Filter>Objects\Player\PlayerDistinctParts</Filter>
    </ClCompile>
    <ClCompile Include="PlayerKickPart.cpp">
      <Filter>Objects\Player\PlayerDistinctParts</Filter>
    </ClCompile>
    <ClCompile Include="MovingPlatform.cpp">
      <Filter>Objects\Platform\MovingPlatform</Filter>
    </ClCompile>
    <ClCompile Include="PlatformFire.cpp">
      <Filter>Objects\Platform\PlatformFire</Filter>
    </ClCompile>
    <ClCompile Include="MovingPlatformCircle.cpp">
      <Filter>Objects\Platform\MovingPlatform</Filter>
	</ClCompile>
    <ClCompile Include="BulletMiniSpecial.h">
      <Filter>Objects\Bullet\BulletMini</Filter>
    </ClCompile>
    <ClCompile Include="Canon.cpp">
      <Filter>Objects\Canon</Filter>
    </ClCompile>
    <ClCompile Include="BossMini.cpp">
      <Filter>Objects\Enemy\BossMini</Filter>
    </ClCompile>
    <ClCompile Include="Equation.cpp">
      <Filter>Components</Filter>
    </ClCompile>
  </ItemGroup>
  <ItemGroup>
    <ClInclude Include="Collision.h">
      <Filter>Components</Filter>
    </ClInclude>
    <ClInclude Include="Game.h">
      <Filter>Components</Filter>
    </ClInclude>
    <ClInclude Include="Global.h">
      <Filter>Components</Filter>
    </ClInclude>
    <ClInclude Include="TextureManager.h">
      <Filter>Graphics</Filter>
    </ClInclude>
    <ClInclude Include="SoundManager.h">
      <Filter>Components</Filter>
    </ClInclude>
    <ClInclude Include="dsutil.h">
      <Filter>Components</Filter>
    </ClInclude>
    <ClInclude Include="Sprite.h">
      <Filter>Graphics</Filter>
    </ClInclude>
    <ClInclude Include="Object.h">
      <Filter>Objects</Filter>
    </ClInclude>
    <ClInclude Include="SpriteManager.h">
      <Filter>Graphics</Filter>
    </ClInclude>
    <ClInclude Include="Animation.h">
      <Filter>Graphics</Filter>
    </ClInclude>
    <ClInclude Include="Player.h">
      <Filter>Objects\Player</Filter>
    </ClInclude>
    <ClInclude Include="KeyboardManager.h">
      <Filter>Components</Filter>
    </ClInclude>
    <ClInclude Include="PlayerState.h">
      <Filter>Objects\Player</Filter>
    </ClInclude>
    <ClInclude Include="PlayerStandingState.h">
      <Filter>Objects\Player</Filter>
    </ClInclude>
    <ClInclude Include="PlayerRunningState.h">
      <Filter>Objects\Player</Filter>
    </ClInclude>
    <ClInclude Include="Scene.h">
      <Filter>Scene</Filter>
    </ClInclude>
    <ClInclude Include="PlayScene.h">
      <Filter>Scene\PlayScene</Filter>
    </ClInclude>
    <ClInclude Include="GameMap.h">
      <Filter>GameMap</Filter>
    </ClInclude>
    <ClInclude Include="TileMap.h">
      <Filter>GameMap\TileMap</Filter>
    </ClInclude>
    <ClInclude Include="Camera.h">
      <Filter>Camera</Filter>
    </ClInclude>
    <ClInclude Include="Debug.h">
      <Filter>Debug</Filter>
    </ClInclude>
    <ClInclude Include="SceneManager.h">
      <Filter>Scene\SceneManager</Filter>
    </ClInclude>
    <ClInclude Include="TileSet.h">
      <Filter>GameMap\TileSet</Filter>
    </ClInclude>
    <ClInclude Include="PlayerJumpingState.h">
      <Filter>Objects\Player</Filter>
    </ClInclude>
    <ClInclude Include="PlayerSittingState.h">
      <Filter>Objects\Player</Filter>
    </ClInclude>
    <ClInclude Include="PlayerFloatingState.h">
      <Filter>Objects\Player</Filter>
    </ClInclude>
    <ClInclude Include="PlayerDuckingPunchingState.h">
      <Filter>Objects\Player</Filter>
    </ClInclude>
    <ClInclude Include="PlayerShieldUpState.h">
      <Filter>Objects\Player</Filter>
    </ClInclude>
    <ClInclude Include="PlayerRollingState.h">
      <Filter>Objects\Player</Filter>
    </ClInclude>
    <ClInclude Include="PlayerKickingState.h">
      <Filter>Objects\Player</Filter>
    </ClInclude>
    <ClInclude Include="MapCharles.h">
      <Filter>GameMap\TileMap\MapCharles</Filter>
    </ClInclude>
    <ClInclude Include="MapCharlesBoss.h">
      <Filter>GameMap\TileMap\MapCharlesBoss</Filter>
    </ClInclude>
    <ClInclude Include="PlayScenePittsburgh.h">
      <Filter>Scene\PlayScene\PlayScenePittsburgh</Filter>
    </ClInclude>
    <ClInclude Include="PlaySceneCharles.h">
      <Filter>Scene\PlayScene\PlaySceneCharles</Filter>
    </ClInclude>
    <ClInclude Include="PlaySceneCharlesBoss.h">
      <Filter>Scene\PlayScene\PlaySceneCharlesBoss</Filter>
    </ClInclude>
    <ClInclude Include="PlaySceneWithLight.h">
      <Filter>Scene\PlayScene</Filter>
    </ClInclude>
    <ClInclude Include="MapPittsburgh.h">
      <Filter>GameMap\TileMap\MapPittsburgh</Filter>
    </ClInclude>
    <ClInclude Include="GroundCollision.h">
      <Filter>Components</Filter>
    </ClInclude>
    <ClInclude Include="MapPittsburghPortal01.h">
      <Filter>GameMap\TileMap\MapPittsburghPortal01</Filter>
    </ClInclude>
    <ClInclude Include="DrawDebug.h">
      <Filter>Debug</Filter>
    </ClInclude>
    <ClInclude Include="MapPittsburghPortal02.h">
      <Filter>GameMap\TileMap\MapPittsburghPortal02</Filter>
    </ClInclude>
    <ClInclude Include="PlayScenePittsburghPortal01.h">
      <Filter>Scene\PlayScene\PlayScenePittsburghPortal01</Filter>
    </ClInclude>
    <ClInclude Include="PlayScenePittsburghPortal02.h">
      <Filter>Scene\PlayScene\PlayScenePittsburghPortal02</Filter>
    </ClInclude>
    <ClInclude Include="PlayerDashingState.h">
      <Filter>Objects\Player</Filter>
    </ClInclude>
    <ClInclude Include="Grid.h">
      <Filter>Components\Grid</Filter>
    </ClInclude>
    <ClInclude Include="PlayerDivingState.h">
      <Filter>Objects\Player</Filter>
    </ClInclude>
    <ClInclude Include="SolidBoxCollision.h">
      <Filter>Components</Filter>
    </ClInclude>
    <ClInclude Include="PlayerShieldDownState.h">
      <Filter>Objects\Player</Filter>
    </ClInclude>
    <ClInclude Include="PlayerShieldAttackState.h">
      <Filter>Objects\Player</Filter>
    </ClInclude>
    <ClInclude Include="PlayerStandPunchState.h">
      <Filter>Objects\Player</Filter>
    </ClInclude>
    <ClInclude Include="Shield.h">
      <Filter>Objects\Shield</Filter>
    </ClInclude>
    <ClInclude Include="Enemy.h">
      <Filter>Objects\Enemy</Filter>
    </ClInclude>
    <ClInclude Include="Item.h">
      <Filter>Objects\Item</Filter>
    </ClInclude>
    <ClInclude Include="Container.h">
      <Filter>Objects\Container</Filter>
    </ClInclude>
    <ClInclude Include="ItemManager.h">
      <Filter>Objects\Item</Filter>
    </ClInclude>
    <ClInclude Include="Bullet.h">
      <Filter>Objects\Bullet</Filter>
    </ClInclude>
    <ClInclude Include="Solder.h">
      <Filter>Objects\Enemy</Filter>
    </ClInclude>
    <ClInclude Include="BulletManager.h">
      <Filter>Objects\Bullet</Filter>
    </ClInclude>
    <ClInclude Include="BulletSolder.h">
      <Filter>Objects\Bullet</Filter>
    </ClInclude>
    <ClInclude Include="BulletRedRockerter.h">
      <Filter>Objects\Bullet</Filter>
    </ClInclude>
    <ClInclude Include="RedRockerter.h">
      <Filter>Objects\Enemy</Filter>
    </ClInclude>
    <ClInclude Include="BulletWhiteRockerter.h">
      <Filter>Objects\Bullet</Filter>
    </ClInclude>
    <ClInclude Include="BulletGreenCannon.h">
      <Filter>Objects\Bullet</Filter>
    </ClInclude>
    <ClInclude Include="WhiteRockerter.h">
      <Filter>Objects\Enemy</Filter>
    </ClInclude>
    <ClInclude Include="MapStaticObject.h">
      <Filter>Objects\MapStaticObject</Filter>
    </ClInclude>
    <ClInclude Include="PlayerClimbingState.h">
      <Filter>Objects\Player</Filter>
    </ClInclude>
    <ClInclude Include="BulletWhiteFlyingRocketer.h">
      <Filter>Objects\Bullet</Filter>
    </ClInclude>
    <ClInclude Include="BulletRedRocket.h">
      <Filter>Objects\Bullet\BulletRedRocket</Filter>
    </ClInclude>
    <ClInclude Include="BulletRedRocketLinear.h">
      <Filter>Objects\Bullet\BulletRedRocket</Filter>
    </ClInclude>
    <ClInclude Include="BulletRedRocketNonLinear.h">
      <Filter>Objects\Bullet\BulletRedRocket</Filter>
    </ClInclude>
    <ClInclude Include="RedRocketRobot.h">
      <Filter>Objects\Enemy\RedRocketRobot</Filter>
    </ClInclude>
    <ClInclude Include="RedRocketRobotOneSided.h">
      <Filter>Objects\Enemy\RedRocketRobot</Filter>
    </ClInclude>
    <ClInclude Include="RedRocketRobotTwoSided.h">
      <Filter>Objects\Enemy\RedRocketRobot</Filter>
    </ClInclude>
    <ClInclude Include="RedRocketRobotNonShooting.h">
      <Filter>Objects\Enemy\RedRocketRobot</Filter>
    </ClInclude>
    <ClInclude Include="WhiteFlyingRobot.h">
      <Filter>Objects\Enemy\WhiteFlyingRobot</Filter>
    </ClInclude>
    <ClInclude Include="RedRocketRobotTwoSidedNonLinear.h">
      <Filter>Objects\Enemy\RedRocketRobot</Filter>
    </ClInclude>
    <ClInclude Include="GameObjectProperty.h">
      <Filter>Objects</Filter>
    </ClInclude>
    <ClInclude Include="GamePlayerProperty.h">
      <Filter>Objects\Player</Filter>
    </ClInclude>
    <ClInclude Include="BulletWizardNormal.h">
      <Filter>Objects\Bullet\BulletWizard</Filter>
    </ClInclude>
    <ClInclude Include="PlayerBeatenState.h">
      <Filter>Objects\Player</Filter>
    </ClInclude>
    <ClInclude Include="PlayerFlyingBeatenState.h">
      <Filter>Objects\Player</Filter>
    </ClInclude>
    <ClInclude Include="HealthPoint.h">
      <Filter>Objects\MapStaticObject</Filter>
    </ClInclude>
    <ClInclude Include="BossWizard.h">
      <Filter>Objects\Enemy\BossWizard</Filter>
    </ClInclude>
    <ClInclude Include="BossWizardDeadState.h">
      <Filter>Objects\Enemy\BossWizard</Filter>
    </ClInclude>
    <ClInclude Include="BossWizardFlyingState.h">
      <Filter>Objects\Enemy\BossWizard</Filter>
    </ClInclude>
    <ClInclude Include="BossWizardPunchingState.h">
      <Filter>Objects\Enemy\BossWizard</Filter>
    </ClInclude>
    <ClInclude Include="BossWizardRunningState.h">
      <Filter>Objects\Enemy\BossWizard</Filter>
    </ClInclude>
    <ClInclude Include="BossWizardShootingState.h">
      <Filter>Objects\Enemy\BossWizard</Filter>
    </ClInclude>
    <ClInclude Include="BossWizardStandingState.h">
      <Filter>Objects\Enemy\BossWizard</Filter>
    </ClInclude>
    <ClInclude Include="BossWizardStandSmileState.h">
      <Filter>Objects\Enemy\BossWizard</Filter>
    </ClInclude>
    <ClInclude Include="BossWizardState.h">
      <Filter>Objects\Enemy\BossWizard</Filter>
    </ClInclude>
    <ClInclude Include="BulletWizardSpecial.h">
      <Filter>Objects\Bullet\BulletWizard</Filter>
    </ClInclude>
    <ClInclude Include="PlayerDyingState.h">
      <Filter>Objects\Player</Filter>
    </ClInclude>
    <ClInclude Include="ExitSignal.h">
      <Filter>Objects\MapStaticObject</Filter>
    </ClInclude>
    <ClInclude Include="PlayerHandPunch.h">
      <Filter>Objects\Player\PlayerDistinctParts</Filter>
    </ClInclude>
    <ClInclude Include="PlayerKickPart.h">
      <Filter>Objects\Player\PlayerDistinctParts</Filter>
    </ClInclude>
    <ClInclude Include="RedRocketRobotOneSidedJumping.h">
      <Filter>Objects\Enemy\RedRocketRobot</Filter>
    </ClInclude>
    <ClInclude Include="MovingPlatform.h">
      <Filter>Objects\Platform\MovingPlatform</Filter>
    </ClInclude>
    <ClInclude Include="PlatformFire.h">
      <Filter>Objects\Platform\PlatformFire</Filter>
    </ClInclude>
    <ClInclude Include="MovingPlatformCircle.h">
      <Filter>Objects\Platform\MovingPlatform</Filter>
	  </ClInclude>
    <ClInclude Include="BulletMiniNormal.h">
      <Filter>Objects\Bullet\BulletMini</Filter>
    </ClInclude>
    <ClInclude Include="Canon.h">
      <Filter>Objects\Canon</Filter>
    </ClInclude>
    <ClInclude Include="BossMini.h">
      <Filter>Objects\Enemy\BossMini</Filter>
    </ClInclude>
    <ClInclude Include="Equation.h">
      <Filter>Components</Filter>
    </ClInclude>
  </ItemGroup>
</Project>